<?xml version="1.0" encoding="utf-8"?>
<Project ToolsVersion="4.0" xmlns="http://schemas.microsoft.com/developer/msbuild/2003">
  <ItemGroup>
    <Filter Include="Source Files">
      <UniqueIdentifier>{4FC737F1-C7A5-4376-A066-2A32D752A2FF}</UniqueIdentifier>
      <Extensions>cpp;c;cc;cxx;def;odl;idl;hpj;bat;asm;asmx</Extensions>
    </Filter>
    <Filter Include="Source Files\MaloWLib">
      <UniqueIdentifier>{66f6eae5-b2e7-418b-a0d7-625263013829}</UniqueIdentifier>
    </Filter>
    <Filter Include="Source Files\GameMode2 files">
      <UniqueIdentifier>{4fc1c213-774a-4e6d-bfde-ff8d1e934dc4}</UniqueIdentifier>
    </Filter>
    <Filter Include="Source Files\GameMode3 Files">
      <UniqueIdentifier>{daad3c12-0660-41bf-90a9-d2822e627c8a}</UniqueIdentifier>
    </Filter>
  </ItemGroup>
  <ItemGroup>
    <ClCompile Include="Source\Graphics.cpp">
      <Filter>Source Files</Filter>
    </ClCompile>
    <ClCompile Include="Source\PhoneGame.cpp">
      <Filter>Source Files</Filter>
    </ClCompile>
    <ClCompile Include="Source\MaloWLib\Process.cpp">
      <Filter>Source Files\MaloWLib</Filter>
    </ClCompile>
    <ClCompile Include="Source\MaloWLib\ClientChannel.cpp">
      <Filter>Source Files\MaloWLib</Filter>
    </ClCompile>
    <ClCompile Include="Source\MaloWLib\NetworkServer.cpp">
      <Filter>Source Files\MaloWLib</Filter>
    </ClCompile>
    <ClCompile Include="Source\MaloWLib\ServerChannel.cpp">
      <Filter>Source Files\MaloWLib</Filter>
    </ClCompile>
    <ClCompile Include="Source\Game.cpp">
      <Filter>Source Files</Filter>
    </ClCompile>
    <ClCompile Include="Source\GameMode1.cpp">
      <Filter>Source Files</Filter>
    </ClCompile>
    <ClCompile Include="Source\GameMode2.cpp">
      <Filter>Source Files</Filter>
    </ClCompile>
    <ClCompile Include="Source\GameObject.cpp">
      <Filter>Source Files</Filter>
    </ClCompile>
    <ClCompile Include="Source\Map.cpp">
      <Filter>Source Files\GameMode2 files</Filter>
    </ClCompile>
    <ClCompile Include="Source\Matrix3.cpp">
      <Filter>Source Files\GameMode2 files</Filter>
    </ClCompile>
    <ClCompile Include="Source\Matrix4.cpp">
      <Filter>Source Files\GameMode2 files</Filter>
    </ClCompile>
    <ClCompile Include="Source\MeshStrip.cpp">
      <Filter>Source Files\GameMode2 files</Filter>
    </ClCompile>
    <ClCompile Include="Source\PowerBall.cpp">
      <Filter>Source Files\GameMode2 files</Filter>
    </ClCompile>
    <ClCompile Include="Source\Quaternion.cpp">
      <Filter>Source Files\GameMode2 files</Filter>
    </ClCompile>
    <ClCompile Include="Source\RigidBody.cpp">
      <Filter>Source Files\GameMode2 files</Filter>
    </ClCompile>
    <ClCompile Include="Source\GameMode3.cpp">
      <Filter>Source Files</Filter>
    </ClCompile>
    <ClCompile Include="Source\GameMode3 Files\Helicopter.cpp">
      <Filter>Source Files\GameMode3 Files</Filter>
    </ClCompile>
    <ClCompile Include="Source\GameMode3 Files\PhysMesh.cpp">
      <Filter>Source Files\GameMode3 Files</Filter>
    </ClCompile>
  </ItemGroup>
  <ItemGroup>
    <ClInclude Include="Source\Graphics.h">
      <Filter>Source Files</Filter>
    </ClInclude>
    <ClInclude Include="Source\MaloW.h">
      <Filter>Source Files</Filter>
    </ClInclude>
    <ClInclude Include="Source\Windows.h">
      <Filter>Source Files</Filter>
    </ClInclude>
    <ClInclude Include="Source\MaloWLib\Array.h">
      <Filter>Source Files\MaloWLib</Filter>
    </ClInclude>
    <ClInclude Include="Source\MaloWLib\List.h">
      <Filter>Source Files\MaloWLib</Filter>
    </ClInclude>
    <ClInclude Include="Source\MaloWLib\MaloW.h">
      <Filter>Source Files\MaloWLib</Filter>
    </ClInclude>
    <ClInclude Include="Source\MaloWLib\MaloWFileDebug.h">
      <Filter>Source Files\MaloWLib</Filter>
    </ClInclude>
    <ClInclude Include="Source\MaloWLib\Process.h">
      <Filter>Source Files\MaloWLib</Filter>
    </ClInclude>
    <ClInclude Include="Source\MaloWLib\Queue.h">
      <Filter>Source Files\MaloWLib</Filter>
    </ClInclude>
    <ClInclude Include="Source\MaloWLib\ClientChannel.h">
      <Filter>Source Files\MaloWLib</Filter>
    </ClInclude>
    <ClInclude Include="Source\MaloWLib\NetworkPacket.h">
      <Filter>Source Files\MaloWLib</Filter>
    </ClInclude>
    <ClInclude Include="Source\MaloWLib\NetworkServer.h">
      <Filter>Source Files\MaloWLib</Filter>
    </ClInclude>
    <ClInclude Include="Source\MaloWLib\ServerChannel.h">
      <Filter>Source Files\MaloWLib</Filter>
    </ClInclude>
    <ClInclude Include="Source\MaloWLib\Winsock.h">
      <Filter>Source Files\MaloWLib</Filter>
    </ClInclude>
    <ClInclude Include="Source\ConnectionListener.h">
      <Filter>Source Files</Filter>
    </ClInclude>
    <ClInclude Include="Source\Game.h">
      <Filter>Source Files</Filter>
    </ClInclude>
    <ClInclude Include="Source\GameObject.h">
      <Filter>Source Files</Filter>
    </ClInclude>
    <ClInclude Include="Source\Map.h">
      <Filter>Source Files\GameMode2 files</Filter>
    </ClInclude>
    <ClInclude Include="Source\Matrix3.h">
      <Filter>Source Files\GameMode2 files</Filter>
    </ClInclude>
    <ClInclude Include="Source\Matrix4.h">
      <Filter>Source Files\GameMode2 files</Filter>
    </ClInclude>
    <ClInclude Include="Source\MeshStrip.h">
      <Filter>Source Files\GameMode2 files</Filter>
    </ClInclude>
    <ClInclude Include="Source\PowerBall.h">
      <Filter>Source Files\GameMode2 files</Filter>
    </ClInclude>
    <ClInclude Include="Source\Quaternion.h">
      <Filter>Source Files\GameMode2 files</Filter>
    </ClInclude>
    <ClInclude Include="Source\RigidBody.h">
      <Filter>Source Files\GameMode2 files</Filter>
    </ClInclude>
    <ClInclude Include="Source\Vertex.h">
      <Filter>Source Files\GameMode2 files</Filter>
    </ClInclude>
    <ClInclude Include="Source\GameMode3 Files\Helicopter.h">
      <Filter>Source Files\GameMode3 Files</Filter>
    </ClInclude>
    <ClInclude Include="Source\GameMode3 Files\PhysMesh.h">
      <Filter>Source Files\GameMode3 Files</Filter>
    </ClInclude>
  </ItemGroup>
</Project>